
Microsoft Visual Studio Solution File, Format Version 12.00
# Visual Studio 15
VisualStudioVersion = 15.0.26730.15
MinimumVisualStudioVersion = 10.0.40219.1
Project("{FAE04EC0-301F-11D3-BF4B-00C04F79EFBC}") = "Assignment1", "Assignment1\Assignment1.csproj", "{E7C5A24B-7208-49F5-8BAA-C1D4CD3D180E}"
EndProject
Project("{FAE04EC0-301F-11D3-BF4B-00C04F79EFBC}") = "Assignment1Tests", "..\..\Downloads\raupjc-hw1-tests-2017-master\Assignment1Tests\Assignment1Tests.csproj", "{7C6097BE-7FCE-4CBB-AA81-46E540284C58}"
EndProject
Global
	GlobalSection(SolutionConfigurationPlatforms) = preSolution
		Debug|Any CPU = Debug|Any CPU
		Release|Any CPU = Release|Any CPU
	EndGlobalSection
	GlobalSection(ProjectConfigurationPlatforms) = postSolution
		{E7C5A24B-7208-49F5-8BAA-C1D4CD3D180E}.Debug|Any CPU.ActiveCfg = Debug|Any CPU
		{E7C5A24B-7208-49F5-8BAA-C1D4CD3D180E}.Debug|Any CPU.Build.0 = Debug|Any CPU
		{E7C5A24B-7208-49F5-8BAA-C1D4CD3D180E}.Release|Any CPU.ActiveCfg = Release|Any CPU
		{E7C5A24B-7208-49F5-8BAA-C1D4CD3D180E}.Release|Any CPU.Build.0 = Release|Any CPU
		{7C6097BE-7FCE-4CBB-AA81-46E540284C58}.Debug|Any CPU.ActiveCfg = Debug|Any CPU
		{7C6097BE-7FCE-4CBB-AA81-46E540284C58}.Debug|Any CPU.Build.0 = Debug|Any CPU
		{7C6097BE-7FCE-4CBB-AA81-46E540284C58}.Release|Any CPU.ActiveCfg = Release|Any CPU
		{7C6097BE-7FCE-4CBB-AA81-46E540284C58}.Release|Any CPU.Build.0 = Release|Any CPU
	EndGlobalSection
	GlobalSection(SolutionProperties) = preSolution
		HideSolutionNode = FALSE
	EndGlobalSection
	GlobalSection(ExtensibilityGlobals) = postSolution
		SolutionGuid = {35F0F48E-1E8C-4DF2-B2E8-94DCBEB4DE01}
	EndGlobalSection
EndGlobal
